// !$*UTF8*$!
{
	archiveVersion = 1;
	classes = {
	};
	objectVersion = 56;
	objects = {

/* Begin PBXBuildFile section */
		C3218AFD29E858B600AA2C27 /* CustomNavBar.swift in Sources */ = {isa = PBXBuildFile; fileRef = C3218AFC29E858B600AA2C27 /* CustomNavBar.swift */; };
		C32CA47B29FAFA1200104BE3 /* MedCategories.swift in Sources */ = {isa = PBXBuildFile; fileRef = C32CA47A29FAFA1200104BE3 /* MedCategories.swift */; };
		C32CA47D29FC522600104BE3 /* SafariView.swift in Sources */ = {isa = PBXBuildFile; fileRef = C32CA47C29FC522600104BE3 /* SafariView.swift */; };
		C34B766A29ED98CD002AADB5 /* EmailValidation.swift in Sources */ = {isa = PBXBuildFile; fileRef = C34B766929ED98CD002AADB5 /* EmailValidation.swift */; };
		C34B766D29ED991D002AADB5 /* PasswordValidation.swift in Sources */ = {isa = PBXBuildFile; fileRef = C34B766C29ED991D002AADB5 /* PasswordValidation.swift */; };
		C34B766F29ED9FAA002AADB5 /* AppViewModel.swift in Sources */ = {isa = PBXBuildFile; fileRef = C34B766E29ED9FAA002AADB5 /* AppViewModel.swift */; };
		C355D5E32A2A2D010021956C /* MedicationFilter.swift in Sources */ = {isa = PBXBuildFile; fileRef = C355D5E22A2A2D010021956C /* MedicationFilter.swift */; };
		C35C826D29F122CF003AB5C1 /* MedicationsViewModel.swift in Sources */ = {isa = PBXBuildFile; fileRef = C35C826C29F122CF003AB5C1 /* MedicationsViewModel.swift */; };
		C35C826F29F127DB003AB5C1 /* Medication.swift in Sources */ = {isa = PBXBuildFile; fileRef = C35C826E29F127DB003AB5C1 /* Medication.swift */; };
		C35C827129F12D62003AB5C1 /* FirestoreManager.swift in Sources */ = {isa = PBXBuildFile; fileRef = C35C827029F12D62003AB5C1 /* FirestoreManager.swift */; };
		C35C827429F12E13003AB5C1 /* FirebaseFirestoreSwift in Frameworks */ = {isa = PBXBuildFile; productRef = C35C827329F12E13003AB5C1 /* FirebaseFirestoreSwift */; };
		C35C827729F9DE60003AB5C1 /* MedicationsDetailView.swift in Sources */ = {isa = PBXBuildFile; fileRef = C35C827629F9DE5F003AB5C1 /* MedicationsDetailView.swift */; };
		C39FE3EF2A32713500596193 /* FilterView.swift in Sources */ = {isa = PBXBuildFile; fileRef = C39FE3EE2A32713500596193 /* FilterView.swift */; };
		C3B6E2F929D91C3F00A4AFAC /* DermBaseApp.swift in Sources */ = {isa = PBXBuildFile; fileRef = C3B6E2F829D91C3F00A4AFAC /* DermBaseApp.swift */; };
		C3B6E2FB29D91C3F00A4AFAC /* GetStartedView.swift in Sources */ = {isa = PBXBuildFile; fileRef = C3B6E2FA29D91C3F00A4AFAC /* GetStartedView.swift */; };
		C3B6E2FD29D91C4200A4AFAC /* Assets.xcassets in Resources */ = {isa = PBXBuildFile; fileRef = C3B6E2FC29D91C4200A4AFAC /* Assets.xcassets */; };
		C3B6E30029D91C4200A4AFAC /* Preview Assets.xcassets in Resources */ = {isa = PBXBuildFile; fileRef = C3B6E2FF29D91C4200A4AFAC /* Preview Assets.xcassets */; };
		C3B6E30A29D91C4300A4AFAC /* DermBaseTests.swift in Sources */ = {isa = PBXBuildFile; fileRef = C3B6E30929D91C4300A4AFAC /* DermBaseTests.swift */; };
		C3B6E31429D91C4300A4AFAC /* DermBaseUITests.swift in Sources */ = {isa = PBXBuildFile; fileRef = C3B6E31329D91C4300A4AFAC /* DermBaseUITests.swift */; };
		C3B6E31629D91C4300A4AFAC /* DermBaseUITestsLaunchTests.swift in Sources */ = {isa = PBXBuildFile; fileRef = C3B6E31529D91C4300A4AFAC /* DermBaseUITestsLaunchTests.swift */; };
		C3B9D48E2A02D8580003A411 /* AuthenticationViews.swift in Sources */ = {isa = PBXBuildFile; fileRef = C3B9D48D2A02D8580003A411 /* AuthenticationViews.swift */; };
		C3B9D4902A02D87E0003A411 /* MedDetailsUtil.swift in Sources */ = {isa = PBXBuildFile; fileRef = C3B9D48F2A02D87E0003A411 /* MedDetailsUtil.swift */; };
		C3B9D4922A040EB60003A411 /* UserData.swift in Sources */ = {isa = PBXBuildFile; fileRef = C3B9D4912A040EB60003A411 /* UserData.swift */; };
		C3D938F129FDD6440056C26D /* CacheManager.swift in Sources */ = {isa = PBXBuildFile; fileRef = C3D938F029FDD6440056C26D /* CacheManager.swift */; };
		C3D938F329FDE4AE0056C26D /* FirestoreListener.swift in Sources */ = {isa = PBXBuildFile; fileRef = C3D938F229FDE4AE0056C26D /* FirestoreListener.swift */; };
		C3D938F72A0035CA0056C26D /* PrivacyTermsView.swift in Sources */ = {isa = PBXBuildFile; fileRef = C3D938F62A0035CA0056C26D /* PrivacyTermsView.swift */; };
		C3D938FB2A00360C0056C26D /* AccountInformationView.swift in Sources */ = {isa = PBXBuildFile; fileRef = C3D938FA2A00360C0056C26D /* AccountInformationView.swift */; };
		C3DA41B02A0BEC93001AE2AD /* NPIValidation.swift in Sources */ = {isa = PBXBuildFile; fileRef = C3DA41AF2A0BEC93001AE2AD /* NPIValidation.swift */; };
		C3DA41B22A0D3A29001AE2AD /* PrivacyTermsUtil.swift in Sources */ = {isa = PBXBuildFile; fileRef = C3DA41B12A0D3A29001AE2AD /* PrivacyTermsUtil.swift */; };
		C3E5A89D29E9CECB0020D8D7 /* FavoritesView.swift in Sources */ = {isa = PBXBuildFile; fileRef = C3E5A89C29E9CECB0020D8D7 /* FavoritesView.swift */; };
		C3E5A89F29E9CEEA0020D8D7 /* HomeView.swift in Sources */ = {isa = PBXBuildFile; fileRef = C3E5A89E29E9CEEA0020D8D7 /* HomeView.swift */; };
		C3E5A8A129E9CF2F0020D8D7 /* Search&CategoryBars.swift in Sources */ = {isa = PBXBuildFile; fileRef = C3E5A8A029E9CF2F0020D8D7 /* Search&CategoryBars.swift */; };
		C3E5A8A529E9CFB10020D8D7 /* SettingsView.swift in Sources */ = {isa = PBXBuildFile; fileRef = C3E5A8A429E9CFB10020D8D7 /* SettingsView.swift */; };
		C3E5A8A829EC9E930020D8D7 /* FirebaseAuth in Frameworks */ = {isa = PBXBuildFile; productRef = C3E5A8A729EC9E930020D8D7 /* FirebaseAuth */; };
		C3E5A8AA29EC9E930020D8D7 /* FirebaseFirestore in Frameworks */ = {isa = PBXBuildFile; productRef = C3E5A8A929EC9E930020D8D7 /* FirebaseFirestore */; };
		C3E5A8AC29ECA25A0020D8D7 /* GoogleService-Info.plist in Resources */ = {isa = PBXBuildFile; fileRef = C3E5A8AB29ECA2590020D8D7 /* GoogleService-Info.plist */; };
		C3F0EE0E29DFA96A008A6B66 /* HexColor.swift in Sources */ = {isa = PBXBuildFile; fileRef = C3F0EE0D29DFA96A008A6B66 /* HexColor.swift */; };
		C3F0EE1229E0A6A9008A6B66 /* LoginView.swift in Sources */ = {isa = PBXBuildFile; fileRef = C3F0EE1129E0A6A9008A6B66 /* LoginView.swift */; };
		C3F0EE1429E0A731008A6B66 /* RegistrationView.swift in Sources */ = {isa = PBXBuildFile; fileRef = C3F0EE1329E0A731008A6B66 /* RegistrationView.swift */; };
		C3F0EE1629E0F6D1008A6B66 /* DermButton.swift in Sources */ = {isa = PBXBuildFile; fileRef = C3F0EE1529E0F6D1008A6B66 /* DermButton.swift */; };
		C3F0EE1829E1546A008A6B66 /* MedicationsView.swift in Sources */ = {isa = PBXBuildFile; fileRef = C3F0EE1729E1546A008A6B66 /* MedicationsView.swift */; };
/* End PBXBuildFile section */

/* Begin PBXContainerItemProxy section */
		C3B6E30629D91C4300A4AFAC /* PBXContainerItemProxy */ = {
			isa = PBXContainerItemProxy;
			containerPortal = C3B6E2ED29D91C3F00A4AFAC /* Project object */;
			proxyType = 1;
			remoteGlobalIDString = C3B6E2F429D91C3F00A4AFAC;
			remoteInfo = DermBase;
		};
		C3B6E31029D91C4300A4AFAC /* PBXContainerItemProxy */ = {
			isa = PBXContainerItemProxy;
			containerPortal = C3B6E2ED29D91C3F00A4AFAC /* Project object */;
			proxyType = 1;
			remoteGlobalIDString = C3B6E2F429D91C3F00A4AFAC;
			remoteInfo = DermBase;
		};
/* End PBXContainerItemProxy section */

/* Begin PBXFileReference section */
		C3218AFC29E858B600AA2C27 /* CustomNavBar.swift */ = {isa = PBXFileReference; lastKnownFileType = sourcecode.swift; path = CustomNavBar.swift; sourceTree = "<group>"; };
		C32CA47A29FAFA1200104BE3 /* MedCategories.swift */ = {isa = PBXFileReference; lastKnownFileType = sourcecode.swift; path = MedCategories.swift; sourceTree = "<group>"; };
		C32CA47C29FC522600104BE3 /* SafariView.swift */ = {isa = PBXFileReference; lastKnownFileType = sourcecode.swift; path = SafariView.swift; sourceTree = "<group>"; };
		C335B3762A78C3F1004B8B89 /* DermBase.entitlements */ = {isa = PBXFileReference; lastKnownFileType = text.plist.entitlements; path = DermBase.entitlements; sourceTree = "<group>"; };
		C34B766929ED98CD002AADB5 /* EmailValidation.swift */ = {isa = PBXFileReference; lastKnownFileType = sourcecode.swift; path = EmailValidation.swift; sourceTree = "<group>"; };
		C34B766C29ED991D002AADB5 /* PasswordValidation.swift */ = {isa = PBXFileReference; lastKnownFileType = sourcecode.swift; path = PasswordValidation.swift; sourceTree = "<group>"; };
		C34B766E29ED9FAA002AADB5 /* AppViewModel.swift */ = {isa = PBXFileReference; lastKnownFileType = sourcecode.swift; path = AppViewModel.swift; sourceTree = "<group>"; };
		C355D5E22A2A2D010021956C /* MedicationFilter.swift */ = {isa = PBXFileReference; lastKnownFileType = sourcecode.swift; path = MedicationFilter.swift; sourceTree = "<group>"; };
		C35C826C29F122CF003AB5C1 /* MedicationsViewModel.swift */ = {isa = PBXFileReference; lastKnownFileType = sourcecode.swift; path = MedicationsViewModel.swift; sourceTree = "<group>"; };
		C35C826E29F127DB003AB5C1 /* Medication.swift */ = {isa = PBXFileReference; lastKnownFileType = sourcecode.swift; path = Medication.swift; sourceTree = "<group>"; };
		C35C827029F12D62003AB5C1 /* FirestoreManager.swift */ = {isa = PBXFileReference; lastKnownFileType = sourcecode.swift; path = FirestoreManager.swift; sourceTree = "<group>"; };
		C35C827629F9DE5F003AB5C1 /* MedicationsDetailView.swift */ = {isa = PBXFileReference; lastKnownFileType = sourcecode.swift; path = MedicationsDetailView.swift; sourceTree = "<group>"; };
		C39FE3EE2A32713500596193 /* FilterView.swift */ = {isa = PBXFileReference; lastKnownFileType = sourcecode.swift; path = FilterView.swift; sourceTree = "<group>"; };
		C3B6E2F529D91C3F00A4AFAC /* DermBase.app */ = {isa = PBXFileReference; explicitFileType = wrapper.application; includeInIndex = 0; path = DermBase.app; sourceTree = BUILT_PRODUCTS_DIR; };
		C3B6E2F829D91C3F00A4AFAC /* DermBaseApp.swift */ = {isa = PBXFileReference; lastKnownFileType = sourcecode.swift; path = DermBaseApp.swift; sourceTree = "<group>"; };
		C3B6E2FA29D91C3F00A4AFAC /* GetStartedView.swift */ = {isa = PBXFileReference; lastKnownFileType = sourcecode.swift; path = GetStartedView.swift; sourceTree = "<group>"; };
		C3B6E2FC29D91C4200A4AFAC /* Assets.xcassets */ = {isa = PBXFileReference; lastKnownFileType = folder.assetcatalog; path = Assets.xcassets; sourceTree = "<group>"; };
		C3B6E2FF29D91C4200A4AFAC /* Preview Assets.xcassets */ = {isa = PBXFileReference; lastKnownFileType = folder.assetcatalog; path = "Preview Assets.xcassets"; sourceTree = "<group>"; };
		C3B6E30529D91C4300A4AFAC /* DermBaseTests.xctest */ = {isa = PBXFileReference; explicitFileType = wrapper.cfbundle; includeInIndex = 0; path = DermBaseTests.xctest; sourceTree = BUILT_PRODUCTS_DIR; };
		C3B6E30929D91C4300A4AFAC /* DermBaseTests.swift */ = {isa = PBXFileReference; lastKnownFileType = sourcecode.swift; path = DermBaseTests.swift; sourceTree = "<group>"; };
		C3B6E30F29D91C4300A4AFAC /* DermBaseUITests.xctest */ = {isa = PBXFileReference; explicitFileType = wrapper.cfbundle; includeInIndex = 0; path = DermBaseUITests.xctest; sourceTree = BUILT_PRODUCTS_DIR; };
		C3B6E31329D91C4300A4AFAC /* DermBaseUITests.swift */ = {isa = PBXFileReference; lastKnownFileType = sourcecode.swift; path = DermBaseUITests.swift; sourceTree = "<group>"; };
		C3B6E31529D91C4300A4AFAC /* DermBaseUITestsLaunchTests.swift */ = {isa = PBXFileReference; lastKnownFileType = sourcecode.swift; path = DermBaseUITestsLaunchTests.swift; sourceTree = "<group>"; };
		C3B9D48D2A02D8580003A411 /* AuthenticationViews.swift */ = {isa = PBXFileReference; lastKnownFileType = sourcecode.swift; path = AuthenticationViews.swift; sourceTree = "<group>"; };
		C3B9D48F2A02D87E0003A411 /* MedDetailsUtil.swift */ = {isa = PBXFileReference; lastKnownFileType = sourcecode.swift; path = MedDetailsUtil.swift; sourceTree = "<group>"; };
		C3B9D4912A040EB60003A411 /* UserData.swift */ = {isa = PBXFileReference; lastKnownFileType = sourcecode.swift; path = UserData.swift; sourceTree = "<group>"; };
		C3D938F029FDD6440056C26D /* CacheManager.swift */ = {isa = PBXFileReference; lastKnownFileType = sourcecode.swift; path = CacheManager.swift; sourceTree = "<group>"; };
		C3D938F229FDE4AE0056C26D /* FirestoreListener.swift */ = {isa = PBXFileReference; lastKnownFileType = sourcecode.swift; path = FirestoreListener.swift; sourceTree = "<group>"; };
		C3D938F62A0035CA0056C26D /* PrivacyTermsView.swift */ = {isa = PBXFileReference; lastKnownFileType = sourcecode.swift; path = PrivacyTermsView.swift; sourceTree = "<group>"; };
		C3D938FA2A00360C0056C26D /* AccountInformationView.swift */ = {isa = PBXFileReference; lastKnownFileType = sourcecode.swift; path = AccountInformationView.swift; sourceTree = "<group>"; };
		C3DA41AF2A0BEC93001AE2AD /* NPIValidation.swift */ = {isa = PBXFileReference; lastKnownFileType = sourcecode.swift; path = NPIValidation.swift; sourceTree = "<group>"; };
		C3DA41B12A0D3A29001AE2AD /* PrivacyTermsUtil.swift */ = {isa = PBXFileReference; lastKnownFileType = sourcecode.swift; path = PrivacyTermsUtil.swift; sourceTree = "<group>"; };
		C3E5A89C29E9CECB0020D8D7 /* FavoritesView.swift */ = {isa = PBXFileReference; lastKnownFileType = sourcecode.swift; path = FavoritesView.swift; sourceTree = "<group>"; };
		C3E5A89E29E9CEEA0020D8D7 /* HomeView.swift */ = {isa = PBXFileReference; lastKnownFileType = sourcecode.swift; path = HomeView.swift; sourceTree = "<group>"; };
		C3E5A8A029E9CF2F0020D8D7 /* Search&CategoryBars.swift */ = {isa = PBXFileReference; lastKnownFileType = sourcecode.swift; path = "Search&CategoryBars.swift"; sourceTree = "<group>"; };
		C3E5A8A429E9CFB10020D8D7 /* SettingsView.swift */ = {isa = PBXFileReference; lastKnownFileType = sourcecode.swift; path = SettingsView.swift; sourceTree = "<group>"; };
		C3E5A8AB29ECA2590020D8D7 /* GoogleService-Info.plist */ = {isa = PBXFileReference; fileEncoding = 4; lastKnownFileType = text.plist.xml; path = "GoogleService-Info.plist"; sourceTree = "<group>"; };
		C3F0EE0D29DFA96A008A6B66 /* HexColor.swift */ = {isa = PBXFileReference; lastKnownFileType = sourcecode.swift; path = HexColor.swift; sourceTree = "<group>"; };
		C3F0EE1129E0A6A9008A6B66 /* LoginView.swift */ = {isa = PBXFileReference; lastKnownFileType = sourcecode.swift; path = LoginView.swift; sourceTree = "<group>"; };
		C3F0EE1329E0A731008A6B66 /* RegistrationView.swift */ = {isa = PBXFileReference; lastKnownFileType = sourcecode.swift; path = RegistrationView.swift; sourceTree = "<group>"; };
		C3F0EE1529E0F6D1008A6B66 /* DermButton.swift */ = {isa = PBXFileReference; lastKnownFileType = sourcecode.swift; path = DermButton.swift; sourceTree = "<group>"; };
		C3F0EE1729E1546A008A6B66 /* MedicationsView.swift */ = {isa = PBXFileReference; lastKnownFileType = sourcecode.swift; path = MedicationsView.swift; sourceTree = "<group>"; };
/* End PBXFileReference section */

/* Begin PBXFrameworksBuildPhase section */
		C3B6E2F229D91C3F00A4AFAC /* Frameworks */ = {
			isa = PBXFrameworksBuildPhase;
			buildActionMask = 2147483647;
			files = (
				C3E5A8A829EC9E930020D8D7 /* FirebaseAuth in Frameworks */,
				C3E5A8AA29EC9E930020D8D7 /* FirebaseFirestore in Frameworks */,
				C35C827429F12E13003AB5C1 /* FirebaseFirestoreSwift in Frameworks */,
			);
			runOnlyForDeploymentPostprocessing = 0;
		};
		C3B6E30229D91C4300A4AFAC /* Frameworks */ = {
			isa = PBXFrameworksBuildPhase;
			buildActionMask = 2147483647;
			files = (
			);
			runOnlyForDeploymentPostprocessing = 0;
		};
		C3B6E30C29D91C4300A4AFAC /* Frameworks */ = {
			isa = PBXFrameworksBuildPhase;
			buildActionMask = 2147483647;
			files = (
			);
			runOnlyForDeploymentPostprocessing = 0;
		};
/* End PBXFrameworksBuildPhase section */

/* Begin PBXGroup section */
		C35C827229F12E13003AB5C1 /* Frameworks */ = {
			isa = PBXGroup;
			children = (
			);
			name = Frameworks;
			sourceTree = "<group>";
		};
		C35C827529F135F6003AB5C1 /* BL Utilities */ = {
			isa = PBXGroup;
			children = (
				C34B766C29ED991D002AADB5 /* PasswordValidation.swift */,
				C34B766929ED98CD002AADB5 /* EmailValidation.swift */,
				C3DA41AF2A0BEC93001AE2AD /* NPIValidation.swift */,
				C32CA47A29FAFA1200104BE3 /* MedCategories.swift */,
				C35C826E29F127DB003AB5C1 /* Medication.swift */,
				C3B9D4912A040EB60003A411 /* UserData.swift */,
				C32CA47C29FC522600104BE3 /* SafariView.swift */,
				C355D5E22A2A2D010021956C /* MedicationFilter.swift */,
			);
			path = "BL Utilities";
			sourceTree = "<group>";
		};
		C374F81829DDDE5700F856CA /* UserInterface(UI) */ = {
			isa = PBXGroup;
			children = (
				C3E5A89B29E9C1690020D8D7 /* UI Utilities */,
				C3B6E2FA29D91C3F00A4AFAC /* GetStartedView.swift */,
				C3F0EE1129E0A6A9008A6B66 /* LoginView.swift */,
				C3F0EE1329E0A731008A6B66 /* RegistrationView.swift */,
				C3E5A89E29E9CEEA0020D8D7 /* HomeView.swift */,
				C3F0EE1729E1546A008A6B66 /* MedicationsView.swift */,
				C3E5A89C29E9CECB0020D8D7 /* FavoritesView.swift */,
				C3E5A8A429E9CFB10020D8D7 /* SettingsView.swift */,
				C35C827629F9DE5F003AB5C1 /* MedicationsDetailView.swift */,
				C3D938F62A0035CA0056C26D /* PrivacyTermsView.swift */,
				C3D938FA2A00360C0056C26D /* AccountInformationView.swift */,
			);
			path = "UserInterface(UI)";
			sourceTree = "<group>";
		};
		C374F81929DDDE9700F856CA /* Business Logic */ = {
			isa = PBXGroup;
			children = (
				C35C827529F135F6003AB5C1 /* BL Utilities */,
				C34B766E29ED9FAA002AADB5 /* AppViewModel.swift */,
				C3D938F229FDE4AE0056C26D /* FirestoreListener.swift */,
				C35C826C29F122CF003AB5C1 /* MedicationsViewModel.swift */,
			);
			path = "Business Logic";
			sourceTree = "<group>";
		};
		C374F81A29DDDEB700F856CA /* Persistence */ = {
			isa = PBXGroup;
			children = (
				C3D938F029FDD6440056C26D /* CacheManager.swift */,
				C35C827029F12D62003AB5C1 /* FirestoreManager.swift */,
			);
			path = Persistence;
			sourceTree = "<group>";
		};
		C3B6E2EC29D91C3F00A4AFAC = {
			isa = PBXGroup;
			children = (
				C3E5A8AB29ECA2590020D8D7 /* GoogleService-Info.plist */,
				C3B6E2F729D91C3F00A4AFAC /* DermBase */,
				C3B6E30829D91C4300A4AFAC /* DermBaseTests */,
				C3B6E31229D91C4300A4AFAC /* DermBaseUITests */,
				C3B6E2F629D91C3F00A4AFAC /* Products */,
				C35C827229F12E13003AB5C1 /* Frameworks */,
			);
			sourceTree = "<group>";
		};
		C3B6E2F629D91C3F00A4AFAC /* Products */ = {
			isa = PBXGroup;
			children = (
				C3B6E2F529D91C3F00A4AFAC /* DermBase.app */,
				C3B6E30529D91C4300A4AFAC /* DermBaseTests.xctest */,
				C3B6E30F29D91C4300A4AFAC /* DermBaseUITests.xctest */,
			);
			name = Products;
			sourceTree = "<group>";
		};
		C3B6E2F729D91C3F00A4AFAC /* DermBase */ = {
			isa = PBXGroup;
			children = (
				C335B3762A78C3F1004B8B89 /* DermBase.entitlements */,
				C3B6E2F829D91C3F00A4AFAC /* DermBaseApp.swift */,
				C374F81829DDDE5700F856CA /* UserInterface(UI) */,
				C374F81929DDDE9700F856CA /* Business Logic */,
				C374F81A29DDDEB700F856CA /* Persistence */,
				C3B6E2FC29D91C4200A4AFAC /* Assets.xcassets */,
				C3B6E2FE29D91C4200A4AFAC /* Preview Content */,
			);
			path = DermBase;
			sourceTree = "<group>";
		};
		C3B6E2FE29D91C4200A4AFAC /* Preview Content */ = {
			isa = PBXGroup;
			children = (
				C3B6E2FF29D91C4200A4AFAC /* Preview Assets.xcassets */,
			);
			path = "Preview Content";
			sourceTree = "<group>";
		};
		C3B6E30829D91C4300A4AFAC /* DermBaseTests */ = {
			isa = PBXGroup;
			children = (
				C3B6E30929D91C4300A4AFAC /* DermBaseTests.swift */,
			);
			path = DermBaseTests;
			sourceTree = "<group>";
		};
		C3B6E31229D91C4300A4AFAC /* DermBaseUITests */ = {
			isa = PBXGroup;
			children = (
				C3B6E31329D91C4300A4AFAC /* DermBaseUITests.swift */,
				C3B6E31529D91C4300A4AFAC /* DermBaseUITestsLaunchTests.swift */,
			);
			path = DermBaseUITests;
			sourceTree = "<group>";
		};
		C3E5A89B29E9C1690020D8D7 /* UI Utilities */ = {
			isa = PBXGroup;
			children = (
				C3F0EE0D29DFA96A008A6B66 /* HexColor.swift */,
				C3F0EE1529E0F6D1008A6B66 /* DermButton.swift */,
				C3218AFC29E858B600AA2C27 /* CustomNavBar.swift */,
				C3E5A8A029E9CF2F0020D8D7 /* Search&CategoryBars.swift */,
				C3B9D48D2A02D8580003A411 /* AuthenticationViews.swift */,
				C3B9D48F2A02D87E0003A411 /* MedDetailsUtil.swift */,
				C3DA41B12A0D3A29001AE2AD /* PrivacyTermsUtil.swift */,
				C39FE3EE2A32713500596193 /* FilterView.swift */,
			);
			path = "UI Utilities";
			sourceTree = "<group>";
		};
/* End PBXGroup section */

/* Begin PBXNativeTarget section */
		C3B6E2F429D91C3F00A4AFAC /* DermBase */ = {
			isa = PBXNativeTarget;
			buildConfigurationList = C3B6E31929D91C4300A4AFAC /* Build configuration list for PBXNativeTarget "DermBase" */;
			buildPhases = (
				C3B6E2F129D91C3F00A4AFAC /* Sources */,
				C3B6E2F229D91C3F00A4AFAC /* Frameworks */,
				C3B6E2F329D91C3F00A4AFAC /* Resources */,
			);
			buildRules = (
			);
			dependencies = (
			);
			name = DermBase;
			packageProductDependencies = (
				C3E5A8A729EC9E930020D8D7 /* FirebaseAuth */,
				C3E5A8A929EC9E930020D8D7 /* FirebaseFirestore */,
				C35C827329F12E13003AB5C1 /* FirebaseFirestoreSwift */,
			);
			productName = DermBase;
			productReference = C3B6E2F529D91C3F00A4AFAC /* DermBase.app */;
			productType = "com.apple.product-type.application";
		};
		C3B6E30429D91C4300A4AFAC /* DermBaseTests */ = {
			isa = PBXNativeTarget;
			buildConfigurationList = C3B6E31C29D91C4300A4AFAC /* Build configuration list for PBXNativeTarget "DermBaseTests" */;
			buildPhases = (
				C3B6E30129D91C4300A4AFAC /* Sources */,
				C3B6E30229D91C4300A4AFAC /* Frameworks */,
				C3B6E30329D91C4300A4AFAC /* Resources */,
			);
			buildRules = (
			);
			dependencies = (
				C3B6E30729D91C4300A4AFAC /* PBXTargetDependency */,
			);
			name = DermBaseTests;
			productName = DermBaseTests;
			productReference = C3B6E30529D91C4300A4AFAC /* DermBaseTests.xctest */;
			productType = "com.apple.product-type.bundle.unit-test";
		};
		C3B6E30E29D91C4300A4AFAC /* DermBaseUITests */ = {
			isa = PBXNativeTarget;
			buildConfigurationList = C3B6E31F29D91C4300A4AFAC /* Build configuration list for PBXNativeTarget "DermBaseUITests" */;
			buildPhases = (
				C3B6E30B29D91C4300A4AFAC /* Sources */,
				C3B6E30C29D91C4300A4AFAC /* Frameworks */,
				C3B6E30D29D91C4300A4AFAC /* Resources */,
			);
			buildRules = (
			);
			dependencies = (
				C3B6E31129D91C4300A4AFAC /* PBXTargetDependency */,
			);
			name = DermBaseUITests;
			productName = DermBaseUITests;
			productReference = C3B6E30F29D91C4300A4AFAC /* DermBaseUITests.xctest */;
			productType = "com.apple.product-type.bundle.ui-testing";
		};
/* End PBXNativeTarget section */

/* Begin PBXProject section */
		C3B6E2ED29D91C3F00A4AFAC /* Project object */ = {
			isa = PBXProject;
			attributes = {
				BuildIndependentTargetsInParallel = 1;
				LastSwiftUpdateCheck = 1420;
				LastUpgradeCheck = 1420;
				TargetAttributes = {
					C3B6E2F429D91C3F00A4AFAC = {
						CreatedOnToolsVersion = 14.2;
					};
					C3B6E30429D91C4300A4AFAC = {
						CreatedOnToolsVersion = 14.2;
						TestTargetID = C3B6E2F429D91C3F00A4AFAC;
					};
					C3B6E30E29D91C4300A4AFAC = {
						CreatedOnToolsVersion = 14.2;
						TestTargetID = C3B6E2F429D91C3F00A4AFAC;
					};
				};
			};
			buildConfigurationList = C3B6E2F029D91C3F00A4AFAC /* Build configuration list for PBXProject "DermBase" */;
			compatibilityVersion = "Xcode 14.0";
			developmentRegion = en;
			hasScannedForEncodings = 0;
			knownRegions = (
				en,
				Base,
			);
			mainGroup = C3B6E2EC29D91C3F00A4AFAC;
			packageReferences = (
				C3E5A8A629EC9E930020D8D7 /* XCRemoteSwiftPackageReference "firebase-ios-sdk" */,
			);
			productRefGroup = C3B6E2F629D91C3F00A4AFAC /* Products */;
			projectDirPath = "";
			projectRoot = "";
			targets = (
				C3B6E2F429D91C3F00A4AFAC /* DermBase */,
				C3B6E30429D91C4300A4AFAC /* DermBaseTests */,
				C3B6E30E29D91C4300A4AFAC /* DermBaseUITests */,
			);
		};
/* End PBXProject section */

/* Begin PBXResourcesBuildPhase section */
		C3B6E2F329D91C3F00A4AFAC /* Resources */ = {
			isa = PBXResourcesBuildPhase;
			buildActionMask = 2147483647;
			files = (
				C3B6E30029D91C4200A4AFAC /* Preview Assets.xcassets in Resources */,
				C3E5A8AC29ECA25A0020D8D7 /* GoogleService-Info.plist in Resources */,
				C3B6E2FD29D91C4200A4AFAC /* Assets.xcassets in Resources */,
			);
			runOnlyForDeploymentPostprocessing = 0;
		};
		C3B6E30329D91C4300A4AFAC /* Resources */ = {
			isa = PBXResourcesBuildPhase;
			buildActionMask = 2147483647;
			files = (
			);
			runOnlyForDeploymentPostprocessing = 0;
		};
		C3B6E30D29D91C4300A4AFAC /* Resources */ = {
			isa = PBXResourcesBuildPhase;
			buildActionMask = 2147483647;
			files = (
			);
			runOnlyForDeploymentPostprocessing = 0;
		};
/* End PBXResourcesBuildPhase section */

/* Begin PBXSourcesBuildPhase section */
		C3B6E2F129D91C3F00A4AFAC /* Sources */ = {
			isa = PBXSourcesBuildPhase;
			buildActionMask = 2147483647;
			files = (
				C3F0EE1829E1546A008A6B66 /* MedicationsView.swift in Sources */,
				C355D5E32A2A2D010021956C /* MedicationFilter.swift in Sources */,
				C3F0EE1229E0A6A9008A6B66 /* LoginView.swift in Sources */,
				C35C827729F9DE60003AB5C1 /* MedicationsDetailView.swift in Sources */,
				C3D938F72A0035CA0056C26D /* PrivacyTermsView.swift in Sources */,
				C3F0EE0E29DFA96A008A6B66 /* HexColor.swift in Sources */,
				C3D938F129FDD6440056C26D /* CacheManager.swift in Sources */,
				C3B9D48E2A02D8580003A411 /* AuthenticationViews.swift in Sources */,
				C3E5A89F29E9CEEA0020D8D7 /* HomeView.swift in Sources */,
				C3B6E2FB29D91C3F00A4AFAC /* GetStartedView.swift in Sources */,
				C34B766A29ED98CD002AADB5 /* EmailValidation.swift in Sources */,
				C35C826F29F127DB003AB5C1 /* Medication.swift in Sources */,
				C39FE3EF2A32713500596193 /* FilterView.swift in Sources */,
				C3DA41B02A0BEC93001AE2AD /* NPIValidation.swift in Sources */,
				C35C826D29F122CF003AB5C1 /* MedicationsViewModel.swift in Sources */,
				C3D938FB2A00360C0056C26D /* AccountInformationView.swift in Sources */,
				C3E5A8A129E9CF2F0020D8D7 /* Search&CategoryBars.swift in Sources */,
				C3218AFD29E858B600AA2C27 /* CustomNavBar.swift in Sources */,
				C32CA47D29FC522600104BE3 /* SafariView.swift in Sources */,
				C3B9D4922A040EB60003A411 /* UserData.swift in Sources */,
				C3D938F329FDE4AE0056C26D /* FirestoreListener.swift in Sources */,
				C3DA41B22A0D3A29001AE2AD /* PrivacyTermsUtil.swift in Sources */,
				C35C827129F12D62003AB5C1 /* FirestoreManager.swift in Sources */,
				C32CA47B29FAFA1200104BE3 /* MedCategories.swift in Sources */,
				C3B6E2F929D91C3F00A4AFAC /* DermBaseApp.swift in Sources */,
				C34B766F29ED9FAA002AADB5 /* AppViewModel.swift in Sources */,
				C3F0EE1429E0A731008A6B66 /* RegistrationView.swift in Sources */,
				C3B9D4902A02D87E0003A411 /* MedDetailsUtil.swift in Sources */,
				C34B766D29ED991D002AADB5 /* PasswordValidation.swift in Sources */,
				C3F0EE1629E0F6D1008A6B66 /* DermButton.swift in Sources */,
				C3E5A89D29E9CECB0020D8D7 /* FavoritesView.swift in Sources */,
				C3E5A8A529E9CFB10020D8D7 /* SettingsView.swift in Sources */,
			);
			runOnlyForDeploymentPostprocessing = 0;
		};
		C3B6E30129D91C4300A4AFAC /* Sources */ = {
			isa = PBXSourcesBuildPhase;
			buildActionMask = 2147483647;
			files = (
				C3B6E30A29D91C4300A4AFAC /* DermBaseTests.swift in Sources */,
			);
			runOnlyForDeploymentPostprocessing = 0;
		};
		C3B6E30B29D91C4300A4AFAC /* Sources */ = {
			isa = PBXSourcesBuildPhase;
			buildActionMask = 2147483647;
			files = (
				C3B6E31629D91C4300A4AFAC /* DermBaseUITestsLaunchTests.swift in Sources */,
				C3B6E31429D91C4300A4AFAC /* DermBaseUITests.swift in Sources */,
			);
			runOnlyForDeploymentPostprocessing = 0;
		};
/* End PBXSourcesBuildPhase section */

/* Begin PBXTargetDependency section */
		C3B6E30729D91C4300A4AFAC /* PBXTargetDependency */ = {
			isa = PBXTargetDependency;
			target = C3B6E2F429D91C3F00A4AFAC /* DermBase */;
			targetProxy = C3B6E30629D91C4300A4AFAC /* PBXContainerItemProxy */;
		};
		C3B6E31129D91C4300A4AFAC /* PBXTargetDependency */ = {
			isa = PBXTargetDependency;
			target = C3B6E2F429D91C3F00A4AFAC /* DermBase */;
			targetProxy = C3B6E31029D91C4300A4AFAC /* PBXContainerItemProxy */;
		};
/* End PBXTargetDependency section */

/* Begin XCBuildConfiguration section */
		C3B6E31729D91C4300A4AFAC /* Debug */ = {
			isa = XCBuildConfiguration;
			buildSettings = {
				ALWAYS_SEARCH_USER_PATHS = NO;
				CLANG_ANALYZER_NONNULL = YES;
				CLANG_ANALYZER_NUMBER_OBJECT_CONVERSION = YES_AGGRESSIVE;
				CLANG_CXX_LANGUAGE_STANDARD = "gnu++20";
				CLANG_ENABLE_MODULES = YES;
				CLANG_ENABLE_OBJC_ARC = YES;
				CLANG_ENABLE_OBJC_WEAK = YES;
				CLANG_WARN_BLOCK_CAPTURE_AUTORELEASING = YES;
				CLANG_WARN_BOOL_CONVERSION = YES;
				CLANG_WARN_COMMA = YES;
				CLANG_WARN_CONSTANT_CONVERSION = YES;
				CLANG_WARN_DEPRECATED_OBJC_IMPLEMENTATIONS = YES;
				CLANG_WARN_DIRECT_OBJC_ISA_USAGE = YES_ERROR;
				CLANG_WARN_DOCUMENTATION_COMMENTS = YES;
				CLANG_WARN_EMPTY_BODY = YES;
				CLANG_WARN_ENUM_CONVERSION = YES;
				CLANG_WARN_INFINITE_RECURSION = YES;
				CLANG_WARN_INT_CONVERSION = YES;
				CLANG_WARN_NON_LITERAL_NULL_CONVERSION = YES;
				CLANG_WARN_OBJC_IMPLICIT_RETAIN_SELF = YES;
				CLANG_WARN_OBJC_LITERAL_CONVERSION = YES;
				CLANG_WARN_OBJC_ROOT_CLASS = YES_ERROR;
				CLANG_WARN_QUOTED_INCLUDE_IN_FRAMEWORK_HEADER = YES;
				CLANG_WARN_RANGE_LOOP_ANALYSIS = YES;
				CLANG_WARN_STRICT_PROTOTYPES = YES;
				CLANG_WARN_SUSPICIOUS_MOVE = YES;
				CLANG_WARN_UNGUARDED_AVAILABILITY = YES_AGGRESSIVE;
				CLANG_WARN_UNREACHABLE_CODE = YES;
				CLANG_WARN__DUPLICATE_METHOD_MATCH = YES;
				COPY_PHASE_STRIP = NO;
				DEBUG_INFORMATION_FORMAT = dwarf;
				ENABLE_STRICT_OBJC_MSGSEND = YES;
				ENABLE_TESTABILITY = YES;
				GCC_C_LANGUAGE_STANDARD = gnu11;
				GCC_DYNAMIC_NO_PIC = NO;
				GCC_NO_COMMON_BLOCKS = YES;
				GCC_OPTIMIZATION_LEVEL = 0;
				GCC_PREPROCESSOR_DEFINITIONS = (
					"DEBUG=1",
					"$(inherited)",
				);
				GCC_WARN_64_TO_32_BIT_CONVERSION = YES;
				GCC_WARN_ABOUT_RETURN_TYPE = YES_ERROR;
				GCC_WARN_UNDECLARED_SELECTOR = YES;
				GCC_WARN_UNINITIALIZED_AUTOS = YES_AGGRESSIVE;
				GCC_WARN_UNUSED_FUNCTION = YES;
				GCC_WARN_UNUSED_VARIABLE = YES;
				IPHONEOS_DEPLOYMENT_TARGET = 16.0;
				MTL_ENABLE_DEBUG_INFO = INCLUDE_SOURCE;
				MTL_FAST_MATH = YES;
				ONLY_ACTIVE_ARCH = YES;
				SDKROOT = iphoneos;
				SWIFT_ACTIVE_COMPILATION_CONDITIONS = DEBUG;
				SWIFT_OPTIMIZATION_LEVEL = "-Onone";
			};
			name = Debug;
		};
		C3B6E31829D91C4300A4AFAC /* Release */ = {
			isa = XCBuildConfiguration;
			buildSettings = {
				ALWAYS_SEARCH_USER_PATHS = NO;
				CLANG_ANALYZER_NONNULL = YES;
				CLANG_ANALYZER_NUMBER_OBJECT_CONVERSION = YES_AGGRESSIVE;
				CLANG_CXX_LANGUAGE_STANDARD = "gnu++20";
				CLANG_ENABLE_MODULES = YES;
				CLANG_ENABLE_OBJC_ARC = YES;
				CLANG_ENABLE_OBJC_WEAK = YES;
				CLANG_WARN_BLOCK_CAPTURE_AUTORELEASING = YES;
				CLANG_WARN_BOOL_CONVERSION = YES;
				CLANG_WARN_COMMA = YES;
				CLANG_WARN_CONSTANT_CONVERSION = YES;
				CLANG_WARN_DEPRECATED_OBJC_IMPLEMENTATIONS = YES;
				CLANG_WARN_DIRECT_OBJC_ISA_USAGE = YES_ERROR;
				CLANG_WARN_DOCUMENTATION_COMMENTS = YES;
				CLANG_WARN_EMPTY_BODY = YES;
				CLANG_WARN_ENUM_CONVERSION = YES;
				CLANG_WARN_INFINITE_RECURSION = YES;
				CLANG_WARN_INT_CONVERSION = YES;
				CLANG_WARN_NON_LITERAL_NULL_CONVERSION = YES;
				CLANG_WARN_OBJC_IMPLICIT_RETAIN_SELF = YES;
				CLANG_WARN_OBJC_LITERAL_CONVERSION = YES;
				CLANG_WARN_OBJC_ROOT_CLASS = YES_ERROR;
				CLANG_WARN_QUOTED_INCLUDE_IN_FRAMEWORK_HEADER = YES;
				CLANG_WARN_RANGE_LOOP_ANALYSIS = YES;
				CLANG_WARN_STRICT_PROTOTYPES = YES;
				CLANG_WARN_SUSPICIOUS_MOVE = YES;
				CLANG_WARN_UNGUARDED_AVAILABILITY = YES_AGGRESSIVE;
				CLANG_WARN_UNREACHABLE_CODE = YES;
				CLANG_WARN__DUPLICATE_METHOD_MATCH = YES;
				COPY_PHASE_STRIP = NO;
				DEBUG_INFORMATION_FORMAT = "dwarf-with-dsym";
				ENABLE_NS_ASSERTIONS = NO;
				ENABLE_STRICT_OBJC_MSGSEND = YES;
				GCC_C_LANGUAGE_STANDARD = gnu11;
				GCC_NO_COMMON_BLOCKS = YES;
				GCC_WARN_64_TO_32_BIT_CONVERSION = YES;
				GCC_WARN_ABOUT_RETURN_TYPE = YES_ERROR;
				GCC_WARN_UNDECLARED_SELECTOR = YES;
				GCC_WARN_UNINITIALIZED_AUTOS = YES_AGGRESSIVE;
				GCC_WARN_UNUSED_FUNCTION = YES;
				GCC_WARN_UNUSED_VARIABLE = YES;
				IPHONEOS_DEPLOYMENT_TARGET = 16.0;
				MTL_ENABLE_DEBUG_INFO = NO;
				MTL_FAST_MATH = YES;
				SDKROOT = iphoneos;
				SWIFT_COMPILATION_MODE = wholemodule;
				SWIFT_OPTIMIZATION_LEVEL = "-O";
				VALIDATE_PRODUCT = YES;
			};
			name = Release;
		};
		C3B6E31A29D91C4300A4AFAC /* Debug */ = {
			isa = XCBuildConfiguration;
			buildSettings = {
				ASSETCATALOG_COMPILER_APPICON_NAME = AppIcon;
				ASSETCATALOG_COMPILER_GLOBAL_ACCENT_COLOR_NAME = AccentColor;
				CODE_SIGN_ENTITLEMENTS = DermBase/DermBase.entitlements;
				CODE_SIGN_STYLE = Automatic;
				CURRENT_PROJECT_VERSION = 5;
				DEVELOPMENT_ASSET_PATHS = "\"DermBase/Preview Content\"";
				DEVELOPMENT_TEAM = 2W8LWG84DK;
				ENABLE_PREVIEWS = YES;
				GENERATE_INFOPLIST_FILE = YES;
				INFOPLIST_KEY_CFBundleDisplayName = DermBase;
				INFOPLIST_KEY_LSApplicationCategoryType = "public.app-category.medical";
				INFOPLIST_KEY_UIApplicationSceneManifest_Generation = YES;
				INFOPLIST_KEY_UIApplicationSupportsIndirectInputEvents = YES;
				INFOPLIST_KEY_UILaunchScreen_Generation = YES;
				INFOPLIST_KEY_UIStatusBarStyle = "";
				INFOPLIST_KEY_UISupportedInterfaceOrientations_iPad = "UIInterfaceOrientationPortrait UIInterfaceOrientationPortraitUpsideDown UIInterfaceOrientationLandscapeLeft UIInterfaceOrientationLandscapeRight";
				INFOPLIST_KEY_UISupportedInterfaceOrientations_iPhone = "UIInterfaceOrientationPortrait UIInterfaceOrientationLandscapeLeft UIInterfaceOrientationLandscapeRight";
				IPHONEOS_DEPLOYMENT_TARGET = 16.0;
				LD_RUNPATH_SEARCH_PATHS = (
					"$(inherited)",
					"@executable_path/Frameworks",
				);
				MARKETING_VERSION = 1.0;
				PRODUCT_BUNDLE_IDENTIFIER = com.DermBase.DermBase;
				PRODUCT_NAME = "$(TARGET_NAME)";
				SWIFT_EMIT_LOC_STRINGS = YES;
				SWIFT_VERSION = 5.0;
				TARGETED_DEVICE_FAMILY = "1,2";
			};
			name = Debug;
		};
		C3B6E31B29D91C4300A4AFAC /* Release */ = {
			isa = XCBuildConfiguration;
			buildSettings = {
				ASSETCATALOG_COMPILER_APPICON_NAME = AppIcon;
				ASSETCATALOG_COMPILER_GLOBAL_ACCENT_COLOR_NAME = AccentColor;
				CODE_SIGN_ENTITLEMENTS = DermBase/DermBase.entitlements;
				CODE_SIGN_STYLE = Automatic;
				CURRENT_PROJECT_VERSION = 5;
				DEVELOPMENT_ASSET_PATHS = "\"DermBase/Preview Content\"";
				DEVELOPMENT_TEAM = 2W8LWG84DK;
				ENABLE_PREVIEWS = YES;
				GENERATE_INFOPLIST_FILE = YES;
				INFOPLIST_KEY_CFBundleDisplayName = DermBase;
				INFOPLIST_KEY_LSApplicationCategoryType = "public.app-category.medical";
				INFOPLIST_KEY_UIApplicationSceneManifest_Generation = YES;
				INFOPLIST_KEY_UIApplicationSupportsIndirectInputEvents = YES;
				INFOPLIST_KEY_UILaunchScreen_Generation = YES;
				INFOPLIST_KEY_UIStatusBarStyle = "";
				INFOPLIST_KEY_UISupportedInterfaceOrientations_iPad = "UIInterfaceOrientationPortrait UIInterfaceOrientationPortraitUpsideDown UIInterfaceOrientationLandscapeLeft UIInterfaceOrientationLandscapeRight";
				INFOPLIST_KEY_UISupportedInterfaceOrientations_iPhone = "UIInterfaceOrientationPortrait UIInterfaceOrientationLandscapeLeft UIInterfaceOrientationLandscapeRight";
				IPHONEOS_DEPLOYMENT_TARGET = 16.0;
				LD_RUNPATH_SEARCH_PATHS = (
					"$(inherited)",
					"@executable_path/Frameworks",
				);
				MARKETING_VERSION = 1.0;
				PRODUCT_BUNDLE_IDENTIFIER = com.DermBase.DermBase;
				PRODUCT_NAME = "$(TARGET_NAME)";
				SWIFT_EMIT_LOC_STRINGS = YES;
				SWIFT_VERSION = 5.0;
				TARGETED_DEVICE_FAMILY = "1,2";
			};
			name = Release;
		};
		C3B6E31D29D91C4300A4AFAC /* Debug */ = {
			isa = XCBuildConfiguration;
			buildSettings = {
				ALWAYS_EMBED_SWIFT_STANDARD_LIBRARIES = YES;
				BUNDLE_LOADER = "$(TEST_HOST)";
				CODE_SIGN_STYLE = Automatic;
				CURRENT_PROJECT_VERSION = 1;
				DEVELOPMENT_TEAM = 2W8LWG84DK;
				GENERATE_INFOPLIST_FILE = YES;
				IPHONEOS_DEPLOYMENT_TARGET = 16.2;
				MARKETING_VERSION = 1.0;
				PRODUCT_BUNDLE_IDENTIFIER = com.DermBase.DermBaseTests;
				PRODUCT_NAME = "$(TARGET_NAME)";
				SWIFT_EMIT_LOC_STRINGS = NO;
				SWIFT_VERSION = 5.0;
				TARGETED_DEVICE_FAMILY = "1,2";
				TEST_HOST = "$(BUILT_PRODUCTS_DIR)/DermBase.app/$(BUNDLE_EXECUTABLE_FOLDER_PATH)/DermBase";
			};
			name = Debug;
		};
		C3B6E31E29D91C4300A4AFAC /* Release */ = {
			isa = XCBuildConfiguration;
			buildSettings = {
				ALWAYS_EMBED_SWIFT_STANDARD_LIBRARIES = YES;
				BUNDLE_LOADER = "$(TEST_HOST)";
				CODE_SIGN_STYLE = Automatic;
				CURRENT_PROJECT_VERSION = 1;
				DEVELOPMENT_TEAM = 2W8LWG84DK;
				GENERATE_INFOPLIST_FILE = YES;
				IPHONEOS_DEPLOYMENT_TARGET = 16.2;
				MARKETING_VERSION = 1.0;
				PRODUCT_BUNDLE_IDENTIFIER = com.DermBase.DermBaseTests;
				PRODUCT_NAME = "$(TARGET_NAME)";
				SWIFT_EMIT_LOC_STRINGS = NO;
				SWIFT_VERSION = 5.0;
				TARGETED_DEVICE_FAMILY = "1,2";
				TEST_HOST = "$(BUILT_PRODUCTS_DIR)/DermBase.app/$(BUNDLE_EXECUTABLE_FOLDER_PATH)/DermBase";
			};
			name = Release;
		};
		C3B6E32029D91C4300A4AFAC /* Debug */ = {
			isa = XCBuildConfiguration;
			buildSettings = {
				ALWAYS_EMBED_SWIFT_STANDARD_LIBRARIES = YES;
				CODE_SIGN_STYLE = Automatic;
				CURRENT_PROJECT_VERSION = 1;
				DEVELOPMENT_TEAM = 2W8LWG84DK;
				GENERATE_INFOPLIST_FILE = YES;
				MARKETING_VERSION = 1.0;
				PRODUCT_BUNDLE_IDENTIFIER = com.DermBase.DermBaseUITests;
				PRODUCT_NAME = "$(TARGET_NAME)";
				SWIFT_EMIT_LOC_STRINGS = NO;
				SWIFT_VERSION = 5.0;
				TARGETED_DEVICE_FAMILY = "1,2";
				TEST_TARGET_NAME = DermBase;
			};
			name = Debug;
		};
		C3B6E32129D91C4300A4AFAC /* Release */ = {
			isa = XCBuildConfiguration;
			buildSettings = {
				ALWAYS_EMBED_SWIFT_STANDARD_LIBRARIES = YES;
				CODE_SIGN_STYLE = Automatic;
				CURRENT_PROJECT_VERSION = 1;
				DEVELOPMENT_TEAM = 2W8LWG84DK;
				GENERATE_INFOPLIST_FILE = YES;
				MARKETING_VERSION = 1.0;
				PRODUCT_BUNDLE_IDENTIFIER = com.DermBase.DermBaseUITests;
				PRODUCT_NAME = "$(TARGET_NAME)";
				SWIFT_EMIT_LOC_STRINGS = NO;
				SWIFT_VERSION = 5.0;
				TARGETED_DEVICE_FAMILY = "1,2";
				TEST_TARGET_NAME = DermBase;
			};
			name = Release;
		};
/* End XCBuildConfiguration section */

/* Begin XCConfigurationList section */
		C3B6E2F029D91C3F00A4AFAC /* Build configuration list for PBXProject "DermBase" */ = {
			isa = XCConfigurationList;
			buildConfigurations = (
				C3B6E31729D91C4300A4AFAC /* Debug */,
				C3B6E31829D91C4300A4AFAC /* Release */,
			);
			defaultConfigurationIsVisible = 0;
			defaultConfigurationName = Release;
		};
		C3B6E31929D91C4300A4AFAC /* Build configuration list for PBXNativeTarget "DermBase" */ = {
			isa = XCConfigurationList;
			buildConfigurations = (
				C3B6E31A29D91C4300A4AFAC /* Debug */,
				C3B6E31B29D91C4300A4AFAC /* Release */,
			);
			defaultConfigurationIsVisible = 0;
			defaultConfigurationName = Release;
		};
		C3B6E31C29D91C4300A4AFAC /* Build configuration list for PBXNativeTarget "DermBaseTests" */ = {
			isa = XCConfigurationList;
			buildConfigurations = (
				C3B6E31D29D91C4300A4AFAC /* Debug */,
				C3B6E31E29D91C4300A4AFAC /* Release */,
			);
			defaultConfigurationIsVisible = 0;
			defaultConfigurationName = Release;
		};
		C3B6E31F29D91C4300A4AFAC /* Build configuration list for PBXNativeTarget "DermBaseUITests" */ = {
			isa = XCConfigurationList;
			buildConfigurations = (
				C3B6E32029D91C4300A4AFAC /* Debug */,
				C3B6E32129D91C4300A4AFAC /* Release */,
			);
			defaultConfigurationIsVisible = 0;
			defaultConfigurationName = Release;
		};
/* End XCConfigurationList section */

/* Begin XCRemoteSwiftPackageReference section */
		C3E5A8A629EC9E930020D8D7 /* XCRemoteSwiftPackageReference "firebase-ios-sdk" */ = {
			isa = XCRemoteSwiftPackageReference;
			repositoryURL = "https://github.com/firebase/firebase-ios-sdk";
			requirement = {
				kind = upToNextMajorVersion;
				minimumVersion = 9.0.0;
			};
		};
/* End XCRemoteSwiftPackageReference section */

/* Begin XCSwiftPackageProductDependency section */
		C35C827329F12E13003AB5C1 /* FirebaseFirestoreSwift */ = {
			isa = XCSwiftPackageProductDependency;
			package = C3E5A8A629EC9E930020D8D7 /* XCRemoteSwiftPackageReference "firebase-ios-sdk" */;
			productName = FirebaseFirestoreSwift;
		};
		C3E5A8A729EC9E930020D8D7 /* FirebaseAuth */ = {
			isa = XCSwiftPackageProductDependency;
			package = C3E5A8A629EC9E930020D8D7 /* XCRemoteSwiftPackageReference "firebase-ios-sdk" */;
			productName = FirebaseAuth;
		};
		C3E5A8A929EC9E930020D8D7 /* FirebaseFirestore */ = {
			isa = XCSwiftPackageProductDependency;
			package = C3E5A8A629EC9E930020D8D7 /* XCRemoteSwiftPackageReference "firebase-ios-sdk" */;
			productName = FirebaseFirestore;
		};
/* End XCSwiftPackageProductDependency section */
	};
	rootObject = C3B6E2ED29D91C3F00A4AFAC /* Project object */;
}
